
Microsoft Visual Studio Solution File, Format Version 12.00
# Visual Studio Version 16
VisualStudioVersion = 16.0.31112.23
MinimumVisualStudioVersion = 10.0.40219.1
Project("{FAE04EC0-301F-11D3-BF4B-00C04F79EFBC}") = "MVC_Lab3", "MVC_Lab3\MVC_Lab3.csproj", "{11D0975A-608E-4E91-A1B4-0E183304289D}"
	ProjectSection(ProjectDependencies) = postProject
		{5E9EBD45-E528-475B-985A-82C777C3DEAB} = {5E9EBD45-E528-475B-985A-82C777C3DEAB}
	EndProjectSection
EndProject
Project("{FAE04EC0-301F-11D3-BF4B-00C04F79EFBC}") = "WcfService", "WcfService\WcfService.csproj", "{5E9EBD45-E528-475B-985A-82C777C3DEAB}"
EndProject
Global
	GlobalSection(SolutionConfigurationPlatforms) = preSolution
		Debug|Any CPU = Debug|Any CPU
		Release|Any CPU = Release|Any CPU
	EndGlobalSection
	GlobalSection(ProjectConfigurationPlatforms) = postSolution
		{11D0975A-608E-4E91-A1B4-0E183304289D}.Debug|Any CPU.ActiveCfg = Debug|Any CPU
		{11D0975A-608E-4E91-A1B4-0E183304289D}.Debug|Any CPU.Build.0 = Debug|Any CPU
		{11D0975A-608E-4E91-A1B4-0E183304289D}.Release|Any CPU.ActiveCfg = Release|Any CPU
		{11D0975A-608E-4E91-A1B4-0E183304289D}.Release|Any CPU.Build.0 = Release|Any CPU
		{5E9EBD45-E528-475B-985A-82C777C3DEAB}.Debug|Any CPU.ActiveCfg = Debug|Any CPU
		{5E9EBD45-E528-475B-985A-82C777C3DEAB}.Debug|Any CPU.Build.0 = Debug|Any CPU
		{5E9EBD45-E528-475B-985A-82C777C3DEAB}.Release|Any CPU.ActiveCfg = Release|Any CPU
		{5E9EBD45-E528-475B-985A-82C777C3DEAB}.Release|Any CPU.Build.0 = Release|Any CPU
	EndGlobalSection
	GlobalSection(SolutionProperties) = preSolution
		HideSolutionNode = FALSE
	EndGlobalSection
	GlobalSection(ExtensibilityGlobals) = postSolution
		SolutionGuid = {A89C27A9-C5AA-43DC-8FF2-90049DC85B26}
	EndGlobalSection
EndGlobal
